
Microsoft Visual Studio Solution File, Format Version 11.00
# Visual Studio 2010
Project("{8BC9CEB8-8B4A-11D0-8D11-00A0C91BC942}") = "AtomEngine", "AtomEngine\AtomEngine.vcxproj", "{53D973CF-3A38-4882-935D-5C45CF9D7836}"
EndProject
Project("{8BC9CEB8-8B4A-11D0-8D11-00A0C91BC942}") = "EvenShooter", "EvenShooter\EvenShooter.vcxproj", "{A238EE90-0BF2-42F5-9CF5-75DE6B926028}"
EndProject
Global
	GlobalSection(SolutionConfigurationPlatforms) = preSolution
		Debug|Win32 = Debug|Win32
		Release|Win32 = Release|Win32
	EndGlobalSection
	GlobalSection(ProjectConfigurationPlatforms) = postSolution
		{53D973CF-3A38-4882-935D-5C45CF9D7836}.Debug|Win32.ActiveCfg = Debug|Win32
		{53D973CF-3A38-4882-935D-5C45CF9D7836}.Debug|Win32.Build.0 = Debug|Win32
		{53D973CF-3A38-4882-935D-5C45CF9D7836}.Release|Win32.ActiveCfg = Release|Win32
		{53D973CF-3A38-4882-935D-5C45CF9D7836}.Release|Win32.Build.0 = Release|Win32
		{A238EE90-0BF2-42F5-9CF5-75DE6B926028}.Debug|Win32.ActiveCfg = Debug|Win32
		{A238EE90-0BF2-42F5-9CF5-75DE6B926028}.Debug|Win32.Build.0 = Debug|Win32
		{A238EE90-0BF2-42F5-9CF5-75DE6B926028}.Release|Win32.ActiveCfg = Release|Win32
		{A238EE90-0BF2-42F5-9CF5-75DE6B926028}.Release|Win32.Build.0 = Release|Win32
	EndGlobalSection
	GlobalSection(SolutionProperties) = preSolution
		HideSolutionNode = FALSE
	EndGlobalSection
EndGlobal
